
Microsoft Visual Studio Solution File, Format Version 12.00
# Visual Studio Version 16
VisualStudioVersion = 16.0.31005.135
MinimumVisualStudioVersion = 10.0.40219.1
Project("{9A19103F-16F7-4668-BE54-9A1E7A4F7556}") = "KampIntro1", "KampIntro1\KampIntro1.csproj", "{8167636D-536F-4E32-B0EC-A5E34914E5EF}"
EndProject
Project("{9A19103F-16F7-4668-BE54-9A1E7A4F7556}") = "Donguler", "Donguler\Donguler.csproj", "{DC303304-4C51-4DF6-BB94-7E3D61D8F8C4}"
EndProject
Project("{9A19103F-16F7-4668-BE54-9A1E7A4F7556}") = "ClassIntro", "ClassIntro\ClassIntro.csproj", "{D217F1CD-828D-4DE6-B77D-C1B7E35D78AA}"
EndProject
Project("{9A19103F-16F7-4668-BE54-9A1E7A4F7556}") = "Metotlar", "Metotlar\Metotlar.csproj", "{8A4D80E7-854A-4F4E-8A73-34F92799FC6B}"
EndProject
Project("{9A19103F-16F7-4668-BE54-9A1E7A4F7556}") = "Matematik", "Matematik\Matematik.csproj", "{DE0391DA-0DE9-4DE6-9C42-C5754D597758}"
EndProject
Project("{9A19103F-16F7-4668-BE54-9A1E7A4F7556}") = "DegerVeReferansTipler", "DegerVeReferansTipler\DegerVeReferansTipler.csproj", "{D7A2E7FA-06F0-46B0-886D-17C4B2ECF55C}"
EndProject
Project("{FAE04EC0-301F-11D3-BF4B-00C04F79EFBC}") = "OOP1", "OOP1\OOP1.csproj", "{8D85ABEC-3241-4F5E-8232-FDCDCCA9A9E6}"
EndProject
Project("{FAE04EC0-301F-11D3-BF4B-00C04F79EFBC}") = "Koleksiyonlar", "Koleksiyonlar\Koleksiyonlar.csproj", "{21C01989-1895-440E-B1F3-B268F559B7C5}"
EndProject
Project("{FAE04EC0-301F-11D3-BF4B-00C04F79EFBC}") = "GenericsIntro", "GenericsIntro\GenericsIntro.csproj", "{C8B5CCCE-8626-4392-A9FE-8F481A8F73D9}"
EndProject
Global
	GlobalSection(SolutionConfigurationPlatforms) = preSolution
		Debug|Any CPU = Debug|Any CPU
		Release|Any CPU = Release|Any CPU
	EndGlobalSection
	GlobalSection(ProjectConfigurationPlatforms) = postSolution
		{8167636D-536F-4E32-B0EC-A5E34914E5EF}.Debug|Any CPU.ActiveCfg = Debug|Any CPU
		{8167636D-536F-4E32-B0EC-A5E34914E5EF}.Debug|Any CPU.Build.0 = Debug|Any CPU
		{8167636D-536F-4E32-B0EC-A5E34914E5EF}.Release|Any CPU.ActiveCfg = Release|Any CPU
		{8167636D-536F-4E32-B0EC-A5E34914E5EF}.Release|Any CPU.Build.0 = Release|Any CPU
		{DC303304-4C51-4DF6-BB94-7E3D61D8F8C4}.Debug|Any CPU.ActiveCfg = Debug|Any CPU
		{DC303304-4C51-4DF6-BB94-7E3D61D8F8C4}.Debug|Any CPU.Build.0 = Debug|Any CPU
		{DC303304-4C51-4DF6-BB94-7E3D61D8F8C4}.Release|Any CPU.ActiveCfg = Release|Any CPU
		{DC303304-4C51-4DF6-BB94-7E3D61D8F8C4}.Release|Any CPU.Build.0 = Release|Any CPU
		{D217F1CD-828D-4DE6-B77D-C1B7E35D78AA}.Debug|Any CPU.ActiveCfg = Debug|Any CPU
		{D217F1CD-828D-4DE6-B77D-C1B7E35D78AA}.Debug|Any CPU.Build.0 = Debug|Any CPU
		{D217F1CD-828D-4DE6-B77D-C1B7E35D78AA}.Release|Any CPU.ActiveCfg = Release|Any CPU
		{D217F1CD-828D-4DE6-B77D-C1B7E35D78AA}.Release|Any CPU.Build.0 = Release|Any CPU
		{8A4D80E7-854A-4F4E-8A73-34F92799FC6B}.Debug|Any CPU.ActiveCfg = Debug|Any CPU
		{8A4D80E7-854A-4F4E-8A73-34F92799FC6B}.Debug|Any CPU.Build.0 = Debug|Any CPU
		{8A4D80E7-854A-4F4E-8A73-34F92799FC6B}.Release|Any CPU.ActiveCfg = Release|Any CPU
		{8A4D80E7-854A-4F4E-8A73-34F92799FC6B}.Release|Any CPU.Build.0 = Release|Any CPU
		{DE0391DA-0DE9-4DE6-9C42-C5754D597758}.Debug|Any CPU.ActiveCfg = Debug|Any CPU
		{DE0391DA-0DE9-4DE6-9C42-C5754D597758}.Debug|Any CPU.Build.0 = Debug|Any CPU
		{DE0391DA-0DE9-4DE6-9C42-C5754D597758}.Release|Any CPU.ActiveCfg = Release|Any CPU
		{DE0391DA-0DE9-4DE6-9C42-C5754D597758}.Release|Any CPU.Build.0 = Release|Any CPU
		{D7A2E7FA-06F0-46B0-886D-17C4B2ECF55C}.Debug|Any CPU.ActiveCfg = Debug|Any CPU
		{D7A2E7FA-06F0-46B0-886D-17C4B2ECF55C}.Debug|Any CPU.Build.0 = Debug|Any CPU
		{D7A2E7FA-06F0-46B0-886D-17C4B2ECF55C}.Release|Any CPU.ActiveCfg = Release|Any CPU
		{D7A2E7FA-06F0-46B0-886D-17C4B2ECF55C}.Release|Any CPU.Build.0 = Release|Any CPU
		{8D85ABEC-3241-4F5E-8232-FDCDCCA9A9E6}.Debug|Any CPU.ActiveCfg = Debug|Any CPU
		{8D85ABEC-3241-4F5E-8232-FDCDCCA9A9E6}.Debug|Any CPU.Build.0 = Debug|Any CPU
		{8D85ABEC-3241-4F5E-8232-FDCDCCA9A9E6}.Release|Any CPU.ActiveCfg = Release|Any CPU
		{8D85ABEC-3241-4F5E-8232-FDCDCCA9A9E6}.Release|Any CPU.Build.0 = Release|Any CPU
		{21C01989-1895-440E-B1F3-B268F559B7C5}.Debug|Any CPU.ActiveCfg = Debug|Any CPU
		{21C01989-1895-440E-B1F3-B268F559B7C5}.Debug|Any CPU.Build.0 = Debug|Any CPU
		{21C01989-1895-440E-B1F3-B268F559B7C5}.Release|Any CPU.ActiveCfg = Release|Any CPU
		{21C01989-1895-440E-B1F3-B268F559B7C5}.Release|Any CPU.Build.0 = Release|Any CPU
		{C8B5CCCE-8626-4392-A9FE-8F481A8F73D9}.Debug|Any CPU.ActiveCfg = Debug|Any CPU
		{C8B5CCCE-8626-4392-A9FE-8F481A8F73D9}.Debug|Any CPU.Build.0 = Debug|Any CPU
		{C8B5CCCE-8626-4392-A9FE-8F481A8F73D9}.Release|Any CPU.ActiveCfg = Release|Any CPU
		{C8B5CCCE-8626-4392-A9FE-8F481A8F73D9}.Release|Any CPU.Build.0 = Release|Any CPU
	EndGlobalSection
	GlobalSection(SolutionProperties) = preSolution
		HideSolutionNode = FALSE
	EndGlobalSection
	GlobalSection(ExtensibilityGlobals) = postSolution
		SolutionGuid = {C192DD59-A7AD-4C95-81FD-277A8353D523}
	EndGlobalSection
EndGlobal
